
Microsoft Visual Studio Solution File, Format Version 12.00
# Visual Studio Version 17
VisualStudioVersion = 17.0.31903.59
MinimumVisualStudioVersion = 10.0.40219.1
Project("{9A19103F-16F7-4668-BE54-9A1E7A4F7556}") = "SLS4All.Compact.Core", "SLS4All.Compact.Core\SLS4All.Compact.Core.csproj", "{03EE6EAE-4947-487D-854C-56F716FC20BB}"
EndProject
Project("{2150E333-8FDC-42A3-9474-1A3956D46DE8}") = "Tests", "Tests", "{C7E6C180-D58F-4FD1-B371-97EA6DFB8FC4}"
EndProject
Project("{9A19103F-16F7-4668-BE54-9A1E7A4F7556}") = "SLS4All.Compact.PrinterApp", "SLS4All.Compact.PrinterApp\SLS4All.Compact.PrinterApp.csproj", "{44F8DCF8-892E-4017-AFC7-4417DC9CB5F8}"
EndProject
Project("{2150E333-8FDC-42A3-9474-1A3956D46DE8}") = "App", "App", "{D75F3163-B5F1-4B0C-886C-DDFC9108B44C}"
EndProject
Project("{9A19103F-16F7-4668-BE54-9A1E7A4F7556}") = "SLS4All.Compact.Telegram", "SLS4All.Compact.Telegram\SLS4All.Compact.Telegram.csproj", "{81BD9901-C4AD-4A90-86D0-E366DBA626A1}"
EndProject
Project("{9A19103F-16F7-4668-BE54-9A1E7A4F7556}") = "SLS4All.Compact.Tomlet", "SLS4All.Compact.Tomlet\SLS4All.Compact.Tomlet.csproj", "{770055C8-5AF0-4E8C-BA1A-931393B7546E}"
EndProject
Project("{9A19103F-16F7-4668-BE54-9A1E7A4F7556}") = "SLS4All.Compact.AppCore", "SLS4All.Compact.AppCore\SLS4All.Compact.AppCore.csproj", "{28391238-56E1-47B8-AC65-E767691676F0}"
EndProject
Project("{9A19103F-16F7-4668-BE54-9A1E7A4F7556}") = "SLS4All.Compact.McuClient", "SLS4All.Compact.McuClient\SLS4All.Compact.McuClient.csproj", "{E5DA3E06-130C-4EFF-8A83-258E2FC9A388}"
EndProject
Project("{9A19103F-16F7-4668-BE54-9A1E7A4F7556}") = "SLS4All.Compact.McuClient.Core", "SLS4All.Compact.McuClient.Core\SLS4All.Compact.McuClient.Core.csproj", "{0BFEC548-FE95-4A18-99E8-7F8E3FFF0D76}"
EndProject
Project("{9A19103F-16F7-4668-BE54-9A1E7A4F7556}") = "SLS4All.Compact.VideoRecorder", "SLS4All.Compact.VideoRecorder\SLS4All.Compact.VideoRecorder.csproj", "{3EB94822-5AE8-4335-A6F8-02840167AFCB}"
EndProject
Project("{9A19103F-16F7-4668-BE54-9A1E7A4F7556}") = "SLS4All.Compact", "SLS4All.Compact\SLS4All.Compact.csproj", "{1000B4FA-F8CE-413E-B5C6-BBD89A0A6C8A}"
EndProject
Project("{9A19103F-16F7-4668-BE54-9A1E7A4F7556}") = "SLS4All.Compact.McuApp", "SLS4All.Compact.McuApp\SLS4All.Compact.McuApp.csproj", "{8178B993-BFE5-4CC4-B1C0-15F0BA2030AD}"
EndProject
Project("{9A19103F-16F7-4668-BE54-9A1E7A4F7556}") = "SLS4All.Compact.TestPlugin", "SLS4All.Compact.TestPlugin\SLS4All.Compact.TestPlugin.csproj", "{EA59A4B1-7248-4CCC-9C2A-DF091D631006}"
EndProject
Project("{2150E333-8FDC-42A3-9474-1A3956D46DE8}") = "_Common", "_Common", "{BAF0A1BE-B2E8-42BA-9A0B-A1239F8D262E}"
	ProjectSection(SolutionItems) = preProject
		LICENSE.txt = LICENSE.txt
		README.md = README.md
	EndProjectSection
EndProject
Global
	GlobalSection(SolutionConfigurationPlatforms) = preSolution
		Debug|Any CPU = Debug|Any CPU
		Debug|x64 = Debug|x64
		Debug|x86 = Debug|x86
		Release|Any CPU = Release|Any CPU
		Release|x64 = Release|x64
		Release|x86 = Release|x86
	EndGlobalSection
	GlobalSection(ProjectConfigurationPlatforms) = postSolution
		{03EE6EAE-4947-487D-854C-56F716FC20BB}.Debug|Any CPU.ActiveCfg = Debug|Any CPU
		{03EE6EAE-4947-487D-854C-56F716FC20BB}.Debug|Any CPU.Build.0 = Debug|Any CPU
		{03EE6EAE-4947-487D-854C-56F716FC20BB}.Debug|x64.ActiveCfg = Debug|Any CPU
		{03EE6EAE-4947-487D-854C-56F716FC20BB}.Debug|x64.Build.0 = Debug|Any CPU
		{03EE6EAE-4947-487D-854C-56F716FC20BB}.Debug|x86.ActiveCfg = Debug|Any CPU
		{03EE6EAE-4947-487D-854C-56F716FC20BB}.Debug|x86.Build.0 = Debug|Any CPU
		{03EE6EAE-4947-487D-854C-56F716FC20BB}.Release|Any CPU.ActiveCfg = Release|Any CPU
		{03EE6EAE-4947-487D-854C-56F716FC20BB}.Release|Any CPU.Build.0 = Release|Any CPU
		{03EE6EAE-4947-487D-854C-56F716FC20BB}.Release|x64.ActiveCfg = Release|Any CPU
		{03EE6EAE-4947-487D-854C-56F716FC20BB}.Release|x64.Build.0 = Release|Any CPU
		{03EE6EAE-4947-487D-854C-56F716FC20BB}.Release|x86.ActiveCfg = Release|Any CPU
		{03EE6EAE-4947-487D-854C-56F716FC20BB}.Release|x86.Build.0 = Release|Any CPU
		{44F8DCF8-892E-4017-AFC7-4417DC9CB5F8}.Debug|Any CPU.ActiveCfg = Debug|Any CPU
		{44F8DCF8-892E-4017-AFC7-4417DC9CB5F8}.Debug|Any CPU.Build.0 = Debug|Any CPU
		{44F8DCF8-892E-4017-AFC7-4417DC9CB5F8}.Debug|x64.ActiveCfg = Debug|Any CPU
		{44F8DCF8-892E-4017-AFC7-4417DC9CB5F8}.Debug|x64.Build.0 = Debug|Any CPU
		{44F8DCF8-892E-4017-AFC7-4417DC9CB5F8}.Debug|x86.ActiveCfg = Debug|Any CPU
		{44F8DCF8-892E-4017-AFC7-4417DC9CB5F8}.Debug|x86.Build.0 = Debug|Any CPU
		{44F8DCF8-892E-4017-AFC7-4417DC9CB5F8}.Release|Any CPU.ActiveCfg = Release|Any CPU
		{44F8DCF8-892E-4017-AFC7-4417DC9CB5F8}.Release|Any CPU.Build.0 = Release|Any CPU
		{44F8DCF8-892E-4017-AFC7-4417DC9CB5F8}.Release|x64.ActiveCfg = Release|Any CPU
		{44F8DCF8-892E-4017-AFC7-4417DC9CB5F8}.Release|x64.Build.0 = Release|Any CPU
		{44F8DCF8-892E-4017-AFC7-4417DC9CB5F8}.Release|x86.ActiveCfg = Release|Any CPU
		{44F8DCF8-892E-4017-AFC7-4417DC9CB5F8}.Release|x86.Build.0 = Release|Any CPU
		{81BD9901-C4AD-4A90-86D0-E366DBA626A1}.Debug|Any CPU.ActiveCfg = Debug|Any CPU
		{81BD9901-C4AD-4A90-86D0-E366DBA626A1}.Debug|Any CPU.Build.0 = Debug|Any CPU
		{81BD9901-C4AD-4A90-86D0-E366DBA626A1}.Debug|x64.ActiveCfg = Debug|Any CPU
		{81BD9901-C4AD-4A90-86D0-E366DBA626A1}.Debug|x64.Build.0 = Debug|Any CPU
		{81BD9901-C4AD-4A90-86D0-E366DBA626A1}.Debug|x86.ActiveCfg = Debug|Any CPU
		{81BD9901-C4AD-4A90-86D0-E366DBA626A1}.Debug|x86.Build.0 = Debug|Any CPU
		{81BD9901-C4AD-4A90-86D0-E366DBA626A1}.Release|Any CPU.ActiveCfg = Release|Any CPU
		{81BD9901-C4AD-4A90-86D0-E366DBA626A1}.Release|Any CPU.Build.0 = Release|Any CPU
		{81BD9901-C4AD-4A90-86D0-E366DBA626A1}.Release|x64.ActiveCfg = Release|Any CPU
		{81BD9901-C4AD-4A90-86D0-E366DBA626A1}.Release|x64.Build.0 = Release|Any CPU
		{81BD9901-C4AD-4A90-86D0-E366DBA626A1}.Release|x86.ActiveCfg = Release|Any CPU
		{81BD9901-C4AD-4A90-86D0-E366DBA626A1}.Release|x86.Build.0 = Release|Any CPU
		{770055C8-5AF0-4E8C-BA1A-931393B7546E}.Debug|Any CPU.ActiveCfg = Debug|Any CPU
		{770055C8-5AF0-4E8C-BA1A-931393B7546E}.Debug|Any CPU.Build.0 = Debug|Any CPU
		{770055C8-5AF0-4E8C-BA1A-931393B7546E}.Debug|x64.ActiveCfg = Debug|Any CPU
		{770055C8-5AF0-4E8C-BA1A-931393B7546E}.Debug|x64.Build.0 = Debug|Any CPU
		{770055C8-5AF0-4E8C-BA1A-931393B7546E}.Debug|x86.ActiveCfg = Debug|Any CPU
		{770055C8-5AF0-4E8C-BA1A-931393B7546E}.Debug|x86.Build.0 = Debug|Any CPU
		{770055C8-5AF0-4E8C-BA1A-931393B7546E}.Release|Any CPU.ActiveCfg = Release|Any CPU
		{770055C8-5AF0-4E8C-BA1A-931393B7546E}.Release|Any CPU.Build.0 = Release|Any CPU
		{770055C8-5AF0-4E8C-BA1A-931393B7546E}.Release|x64.ActiveCfg = Release|Any CPU
		{770055C8-5AF0-4E8C-BA1A-931393B7546E}.Release|x64.Build.0 = Release|Any CPU
		{770055C8-5AF0-4E8C-BA1A-931393B7546E}.Release|x86.ActiveCfg = Release|Any CPU
		{770055C8-5AF0-4E8C-BA1A-931393B7546E}.Release|x86.Build.0 = Release|Any CPU
		{28391238-56E1-47B8-AC65-E767691676F0}.Debug|Any CPU.ActiveCfg = Debug|Any CPU
		{28391238-56E1-47B8-AC65-E767691676F0}.Debug|Any CPU.Build.0 = Debug|Any CPU
		{28391238-56E1-47B8-AC65-E767691676F0}.Debug|x64.ActiveCfg = Debug|Any CPU
		{28391238-56E1-47B8-AC65-E767691676F0}.Debug|x64.Build.0 = Debug|Any CPU
		{28391238-56E1-47B8-AC65-E767691676F0}.Debug|x86.ActiveCfg = Debug|Any CPU
		{28391238-56E1-47B8-AC65-E767691676F0}.Debug|x86.Build.0 = Debug|Any CPU
		{28391238-56E1-47B8-AC65-E767691676F0}.Release|Any CPU.ActiveCfg = Release|Any CPU
		{28391238-56E1-47B8-AC65-E767691676F0}.Release|Any CPU.Build.0 = Release|Any CPU
		{28391238-56E1-47B8-AC65-E767691676F0}.Release|x64.ActiveCfg = Release|Any CPU
		{28391238-56E1-47B8-AC65-E767691676F0}.Release|x64.Build.0 = Release|Any CPU
		{28391238-56E1-47B8-AC65-E767691676F0}.Release|x86.ActiveCfg = Release|Any CPU
		{28391238-56E1-47B8-AC65-E767691676F0}.Release|x86.Build.0 = Release|Any CPU
		{E5DA3E06-130C-4EFF-8A83-258E2FC9A388}.Debug|Any CPU.ActiveCfg = Debug|Any CPU
		{E5DA3E06-130C-4EFF-8A83-258E2FC9A388}.Debug|Any CPU.Build.0 = Debug|Any CPU
		{E5DA3E06-130C-4EFF-8A83-258E2FC9A388}.Debug|x64.ActiveCfg = Debug|Any CPU
		{E5DA3E06-130C-4EFF-8A83-258E2FC9A388}.Debug|x64.Build.0 = Debug|Any CPU
		{E5DA3E06-130C-4EFF-8A83-258E2FC9A388}.Debug|x86.ActiveCfg = Debug|Any CPU
		{E5DA3E06-130C-4EFF-8A83-258E2FC9A388}.Debug|x86.Build.0 = Debug|Any CPU
		{E5DA3E06-130C-4EFF-8A83-258E2FC9A388}.Release|Any CPU.ActiveCfg = Release|Any CPU
		{E5DA3E06-130C-4EFF-8A83-258E2FC9A388}.Release|Any CPU.Build.0 = Release|Any CPU
		{E5DA3E06-130C-4EFF-8A83-258E2FC9A388}.Release|x64.ActiveCfg = Release|Any CPU
		{E5DA3E06-130C-4EFF-8A83-258E2FC9A388}.Release|x64.Build.0 = Release|Any CPU
		{E5DA3E06-130C-4EFF-8A83-258E2FC9A388}.Release|x86.ActiveCfg = Release|Any CPU
		{E5DA3E06-130C-4EFF-8A83-258E2FC9A388}.Release|x86.Build.0 = Release|Any CPU
		{0BFEC548-FE95-4A18-99E8-7F8E3FFF0D76}.Debug|Any CPU.ActiveCfg = Debug|Any CPU
		{0BFEC548-FE95-4A18-99E8-7F8E3FFF0D76}.Debug|Any CPU.Build.0 = Debug|Any CPU
		{0BFEC548-FE95-4A18-99E8-7F8E3FFF0D76}.Debug|x64.ActiveCfg = Debug|Any CPU
		{0BFEC548-FE95-4A18-99E8-7F8E3FFF0D76}.Debug|x64.Build.0 = Debug|Any CPU
		{0BFEC548-FE95-4A18-99E8-7F8E3FFF0D76}.Debug|x86.ActiveCfg = Debug|Any CPU
		{0BFEC548-FE95-4A18-99E8-7F8E3FFF0D76}.Debug|x86.Build.0 = Debug|Any CPU
		{0BFEC548-FE95-4A18-99E8-7F8E3FFF0D76}.Release|Any CPU.ActiveCfg = Release|Any CPU
		{0BFEC548-FE95-4A18-99E8-7F8E3FFF0D76}.Release|Any CPU.Build.0 = Release|Any CPU
		{0BFEC548-FE95-4A18-99E8-7F8E3FFF0D76}.Release|x64.ActiveCfg = Release|Any CPU
		{0BFEC548-FE95-4A18-99E8-7F8E3FFF0D76}.Release|x64.Build.0 = Release|Any CPU
		{0BFEC548-FE95-4A18-99E8-7F8E3FFF0D76}.Release|x86.ActiveCfg = Release|Any CPU
		{0BFEC548-FE95-4A18-99E8-7F8E3FFF0D76}.Release|x86.Build.0 = Release|Any CPU
		{3EB94822-5AE8-4335-A6F8-02840167AFCB}.Debug|Any CPU.ActiveCfg = Debug|Any CPU
		{3EB94822-5AE8-4335-A6F8-02840167AFCB}.Debug|Any CPU.Build.0 = Debug|Any CPU
		{3EB94822-5AE8-4335-A6F8-02840167AFCB}.Debug|x64.ActiveCfg = Debug|Any CPU
		{3EB94822-5AE8-4335-A6F8-02840167AFCB}.Debug|x64.Build.0 = Debug|Any CPU
		{3EB94822-5AE8-4335-A6F8-02840167AFCB}.Debug|x86.ActiveCfg = Debug|Any CPU
		{3EB94822-5AE8-4335-A6F8-02840167AFCB}.Debug|x86.Build.0 = Debug|Any CPU
		{3EB94822-5AE8-4335-A6F8-02840167AFCB}.Release|Any CPU.ActiveCfg = Release|Any CPU
		{3EB94822-5AE8-4335-A6F8-02840167AFCB}.Release|Any CPU.Build.0 = Release|Any CPU
		{3EB94822-5AE8-4335-A6F8-02840167AFCB}.Release|x64.ActiveCfg = Release|Any CPU
		{3EB94822-5AE8-4335-A6F8-02840167AFCB}.Release|x64.Build.0 = Release|Any CPU
		{3EB94822-5AE8-4335-A6F8-02840167AFCB}.Release|x86.ActiveCfg = Release|Any CPU
		{3EB94822-5AE8-4335-A6F8-02840167AFCB}.Release|x86.Build.0 = Release|Any CPU
		{1000B4FA-F8CE-413E-B5C6-BBD89A0A6C8A}.Debug|Any CPU.ActiveCfg = Debug|Any CPU
		{1000B4FA-F8CE-413E-B5C6-BBD89A0A6C8A}.Debug|Any CPU.Build.0 = Debug|Any CPU
		{1000B4FA-F8CE-413E-B5C6-BBD89A0A6C8A}.Debug|x64.ActiveCfg = Debug|Any CPU
		{1000B4FA-F8CE-413E-B5C6-BBD89A0A6C8A}.Debug|x64.Build.0 = Debug|Any CPU
		{1000B4FA-F8CE-413E-B5C6-BBD89A0A6C8A}.Debug|x86.ActiveCfg = Debug|Any CPU
		{1000B4FA-F8CE-413E-B5C6-BBD89A0A6C8A}.Debug|x86.Build.0 = Debug|Any CPU
		{1000B4FA-F8CE-413E-B5C6-BBD89A0A6C8A}.Release|Any CPU.ActiveCfg = Release|Any CPU
		{1000B4FA-F8CE-413E-B5C6-BBD89A0A6C8A}.Release|Any CPU.Build.0 = Release|Any CPU
		{1000B4FA-F8CE-413E-B5C6-BBD89A0A6C8A}.Release|x64.ActiveCfg = Release|Any CPU
		{1000B4FA-F8CE-413E-B5C6-BBD89A0A6C8A}.Release|x64.Build.0 = Release|Any CPU
		{1000B4FA-F8CE-413E-B5C6-BBD89A0A6C8A}.Release|x86.ActiveCfg = Release|Any CPU
		{1000B4FA-F8CE-413E-B5C6-BBD89A0A6C8A}.Release|x86.Build.0 = Release|Any CPU
		{8178B993-BFE5-4CC4-B1C0-15F0BA2030AD}.Debug|Any CPU.ActiveCfg = Debug|Any CPU
		{8178B993-BFE5-4CC4-B1C0-15F0BA2030AD}.Debug|Any CPU.Build.0 = Debug|Any CPU
		{8178B993-BFE5-4CC4-B1C0-15F0BA2030AD}.Debug|x64.ActiveCfg = Debug|Any CPU
		{8178B993-BFE5-4CC4-B1C0-15F0BA2030AD}.Debug|x64.Build.0 = Debug|Any CPU
		{8178B993-BFE5-4CC4-B1C0-15F0BA2030AD}.Debug|x86.ActiveCfg = Debug|Any CPU
		{8178B993-BFE5-4CC4-B1C0-15F0BA2030AD}.Debug|x86.Build.0 = Debug|Any CPU
		{8178B993-BFE5-4CC4-B1C0-15F0BA2030AD}.Release|Any CPU.ActiveCfg = Release|Any CPU
		{8178B993-BFE5-4CC4-B1C0-15F0BA2030AD}.Release|Any CPU.Build.0 = Release|Any CPU
		{8178B993-BFE5-4CC4-B1C0-15F0BA2030AD}.Release|x64.ActiveCfg = Release|Any CPU
		{8178B993-BFE5-4CC4-B1C0-15F0BA2030AD}.Release|x64.Build.0 = Release|Any CPU
		{8178B993-BFE5-4CC4-B1C0-15F0BA2030AD}.Release|x86.ActiveCfg = Release|Any CPU
		{8178B993-BFE5-4CC4-B1C0-15F0BA2030AD}.Release|x86.Build.0 = Release|Any CPU
		{EA59A4B1-7248-4CCC-9C2A-DF091D631006}.Debug|Any CPU.ActiveCfg = Debug|Any CPU
		{EA59A4B1-7248-4CCC-9C2A-DF091D631006}.Debug|Any CPU.Build.0 = Debug|Any CPU
		{EA59A4B1-7248-4CCC-9C2A-DF091D631006}.Debug|x64.ActiveCfg = Debug|Any CPU
		{EA59A4B1-7248-4CCC-9C2A-DF091D631006}.Debug|x64.Build.0 = Debug|Any CPU
		{EA59A4B1-7248-4CCC-9C2A-DF091D631006}.Debug|x86.ActiveCfg = Debug|Any CPU
		{EA59A4B1-7248-4CCC-9C2A-DF091D631006}.Debug|x86.Build.0 = Debug|Any CPU
		{EA59A4B1-7248-4CCC-9C2A-DF091D631006}.Release|Any CPU.ActiveCfg = Release|Any CPU
		{EA59A4B1-7248-4CCC-9C2A-DF091D631006}.Release|Any CPU.Build.0 = Release|Any CPU
		{EA59A4B1-7248-4CCC-9C2A-DF091D631006}.Release|x64.ActiveCfg = Release|Any CPU
		{EA59A4B1-7248-4CCC-9C2A-DF091D631006}.Release|x64.Build.0 = Release|Any CPU
		{EA59A4B1-7248-4CCC-9C2A-DF091D631006}.Release|x86.ActiveCfg = Release|Any CPU
		{EA59A4B1-7248-4CCC-9C2A-DF091D631006}.Release|x86.Build.0 = Release|Any CPU
	EndGlobalSection
	GlobalSection(SolutionProperties) = preSolution
		HideSolutionNode = FALSE
	EndGlobalSection
	GlobalSection(NestedProjects) = preSolution
		{44F8DCF8-892E-4017-AFC7-4417DC9CB5F8} = {D75F3163-B5F1-4B0C-886C-DDFC9108B44C}
		{28391238-56E1-47B8-AC65-E767691676F0} = {D75F3163-B5F1-4B0C-886C-DDFC9108B44C}
		{3EB94822-5AE8-4335-A6F8-02840167AFCB} = {D75F3163-B5F1-4B0C-886C-DDFC9108B44C}
		{8178B993-BFE5-4CC4-B1C0-15F0BA2030AD} = {D75F3163-B5F1-4B0C-886C-DDFC9108B44C}
		{EA59A4B1-7248-4CCC-9C2A-DF091D631006} = {C7E6C180-D58F-4FD1-B371-97EA6DFB8FC4}
	EndGlobalSection
	GlobalSection(ExtensibilityGlobals) = postSolution
		SolutionGuid = {E8EC5697-47AC-448B-9156-F1A692F07447}
	EndGlobalSection
EndGlobal
